
Microsoft Visual Studio Solution File, Format Version 12.00
# Visual Studio Version 17
VisualStudioVersion = 17.4.33213.308
MinimumVisualStudioVersion = 10.0.40219.1
Project("{FAE04EC0-301F-11D3-BF4B-00C04F79EFBC}") = "network", "network\network.csproj", "{7F49322E-BC2E-4348-BBE4-F2B92D8801D2}"
EndProject
Global
	GlobalSection(SolutionConfigurationPlatforms) = preSolution
		Debug|Any CPU = Debug|Any CPU
		Release|Any CPU = Release|Any CPU
	EndGlobalSection
	GlobalSection(ProjectConfigurationPlatforms) = postSolution
		{7F49322E-BC2E-4348-BBE4-F2B92D8801D2}.Debug|Any CPU.ActiveCfg = Debug|Any CPU
		{7F49322E-BC2E-4348-BBE4-F2B92D8801D2}.Debug|Any CPU.Build.0 = Debug|Any CPU
		{7F49322E-BC2E-4348-BBE4-F2B92D8801D2}.Release|Any CPU.ActiveCfg = Release|Any CPU
		{7F49322E-BC2E-4348-BBE4-F2B92D8801D2}.Release|Any CPU.Build.0 = Release|Any CPU
	EndGlobalSection
	GlobalSection(SolutionProperties) = preSolution
		HideSolutionNode = FALSE
	EndGlobalSection
	GlobalSection(ExtensibilityGlobals) = postSolution
		SolutionGuid = {B6A320F2-B5B0-4C63-8AA3-D1C8D7040703}
	EndGlobalSection
EndGlobal
